// !$*UTF8*$!
{
	archiveVersion = 1;
	classes = {
	};
	objectVersion = 46;
	objects = {

/* Begin PBXBuildFile section */
		A488774E1E166BFB00F807B8 /* NSString+Helper.m in Sources */ = {isa = PBXBuildFile; fileRef = A488774D1E166BFB00F807B8 /* NSString+Helper.m */; };
		A48877511E166C3600F807B8 /* NSObject+Empty.m in Sources */ = {isa = PBXBuildFile; fileRef = A48877501E166C3600F807B8 /* NSObject+Empty.m */; };
		A495C74D1E164E9000A4E2CD /* main.m in Sources */ = {isa = PBXBuildFile; fileRef = A495C74C1E164E9000A4E2CD /* main.m */; };
		A495C7501E164E9000A4E2CD /* AppDelegate.m in Sources */ = {isa = PBXBuildFile; fileRef = A495C74F1E164E9000A4E2CD /* AppDelegate.m */; };
		A495C7531E164E9000A4E2CD /* ViewController.m in Sources */ = {isa = PBXBuildFile; fileRef = A495C7521E164E9000A4E2CD /* ViewController.m */; };
		A495C7561E164E9000A4E2CD /* Main.storyboard in Resources */ = {isa = PBXBuildFile; fileRef = A495C7541E164E9000A4E2CD /* Main.storyboard */; };
		A495C7581E164E9000A4E2CD /* Assets.xcassets in Resources */ = {isa = PBXBuildFile; fileRef = A495C7571E164E9000A4E2CD /* Assets.xcassets */; };
		A495C75B1E164E9000A4E2CD /* LaunchScreen.storyboard in Resources */ = {isa = PBXBuildFile; fileRef = A495C7591E164E9000A4E2CD /* LaunchScreen.storyboard */; };
		A4FF4ABE1E1650A8006A3B96 /* IPSDatabaseManager.m in Sources */ = {isa = PBXBuildFile; fileRef = A4FF4AB71E1650A8006A3B96 /* IPSDatabaseManager.m */; };
		A4FF4ABF1E1650A8006A3B96 /* DBManagerBase.m in Sources */ = {isa = PBXBuildFile; fileRef = A4FF4AB91E1650A8006A3B96 /* DBManagerBase.m */; };
		A4FF4AC01E1650A8006A3B96 /* DBQuestionInfo.m in Sources */ = {isa = PBXBuildFile; fileRef = A4FF4ABB1E1650A8006A3B96 /* DBQuestionInfo.m */; };
		A4FF4AC11E1650A8006A3B96 /* DBQuestionAnswer.m in Sources */ = {isa = PBXBuildFile; fileRef = A4FF4ABD1E1650A8006A3B96 /* DBQuestionAnswer.m */; };
		A4FF4ACF1E16511D006A3B96 /* FMDatabase.m in Sources */ = {isa = PBXBuildFile; fileRef = A4FF4AC51E16511D006A3B96 /* FMDatabase.m */; };
		A4FF4AD01E16511D006A3B96 /* FMDatabaseAdditions.m in Sources */ = {isa = PBXBuildFile; fileRef = A4FF4AC71E16511D006A3B96 /* FMDatabaseAdditions.m */; };
		A4FF4AD11E16511D006A3B96 /* FMDatabasePool.m in Sources */ = {isa = PBXBuildFile; fileRef = A4FF4AC91E16511D006A3B96 /* FMDatabasePool.m */; };
		A4FF4AD21E16511D006A3B96 /* FMDatabaseQueue.m in Sources */ = {isa = PBXBuildFile; fileRef = A4FF4ACB1E16511D006A3B96 /* FMDatabaseQueue.m */; };
		A4FF4AD31E16511D006A3B96 /* FMResultSet.m in Sources */ = {isa = PBXBuildFile; fileRef = A4FF4ACE1E16511D006A3B96 /* FMResultSet.m */; };
/* End PBXBuildFile section */

/* Begin PBXFileReference section */
		A488774C1E166BFB00F807B8 /* NSString+Helper.h */ = {isa = PBXFileReference; fileEncoding = 4; lastKnownFileType = sourcecode.c.h; path = "NSString+Helper.h"; sourceTree = "<group>"; };
		A488774D1E166BFB00F807B8 /* NSString+Helper.m */ = {isa = PBXFileReference; fileEncoding = 4; lastKnownFileType = sourcecode.c.objc; path = "NSString+Helper.m"; sourceTree = "<group>"; };
		A488774F1E166C3600F807B8 /* NSObject+Empty.h */ = {isa = PBXFileReference; fileEncoding = 4; lastKnownFileType = sourcecode.c.h; path = "NSObject+Empty.h"; sourceTree = "<group>"; };
		A48877501E166C3600F807B8 /* NSObject+Empty.m */ = {isa = PBXFileReference; fileEncoding = 4; lastKnownFileType = sourcecode.c.objc; path = "NSObject+Empty.m"; sourceTree = "<group>"; };
		A48877521E166D2A00F807B8 /* Demo-Prefix.pch */ = {isa = PBXFileReference; lastKnownFileType = sourcecode.c.h; path = "Demo-Prefix.pch"; sourceTree = "<group>"; };
		A495C7481E164E9000A4E2CD /* DataBaseProject.app */ = {isa = PBXFileReference; explicitFileType = wrapper.application; includeInIndex = 0; path = DataBaseProject.app; sourceTree = BUILT_PRODUCTS_DIR; };
		A495C74C1E164E9000A4E2CD /* main.m */ = {isa = PBXFileReference; lastKnownFileType = sourcecode.c.objc; path = main.m; sourceTree = "<group>"; };
		A495C74E1E164E9000A4E2CD /* AppDelegate.h */ = {isa = PBXFileReference; lastKnownFileType = sourcecode.c.h; path = AppDelegate.h; sourceTree = "<group>"; };
		A495C74F1E164E9000A4E2CD /* AppDelegate.m */ = {isa = PBXFileReference; lastKnownFileType = sourcecode.c.objc; path = AppDelegate.m; sourceTree = "<group>"; };
		A495C7511E164E9000A4E2CD /* ViewController.h */ = {isa = PBXFileReference; lastKnownFileType = sourcecode.c.h; path = ViewController.h; sourceTree = "<group>"; };
		A495C7521E164E9000A4E2CD /* ViewController.m */ = {isa = PBXFileReference; lastKnownFileType = sourcecode.c.objc; path = ViewController.m; sourceTree = "<group>"; };
		A495C7551E164E9000A4E2CD /* Base */ = {isa = PBXFileReference; lastKnownFileType = file.storyboard; name = Base; path = Base.lproj/Main.storyboard; sourceTree = "<group>"; };
		A495C7571E164E9000A4E2CD /* Assets.xcassets */ = {isa = PBXFileReference; lastKnownFileType = folder.assetcatalog; path = Assets.xcassets; sourceTree = "<group>"; };
		A495C75A1E164E9000A4E2CD /* Base */ = {isa = PBXFileReference; lastKnownFileType = file.storyboard; name = Base; path = Base.lproj/LaunchScreen.storyboard; sourceTree = "<group>"; };
		A495C75C1E164E9000A4E2CD /* Info.plist */ = {isa = PBXFileReference; lastKnownFileType = text.plist.xml; path = Info.plist; sourceTree = "<group>"; };
		A4FF4AB61E1650A8006A3B96 /* IPSDatabaseManager.h */ = {isa = PBXFileReference; fileEncoding = 4; lastKnownFileType = sourcecode.c.h; path = IPSDatabaseManager.h; sourceTree = "<group>"; };
		A4FF4AB71E1650A8006A3B96 /* IPSDatabaseManager.m */ = {isa = PBXFileReference; fileEncoding = 4; lastKnownFileType = sourcecode.c.objc; path = IPSDatabaseManager.m; sourceTree = "<group>"; };
		A4FF4AB81E1650A8006A3B96 /* DBManagerBase.h */ = {isa = PBXFileReference; fileEncoding = 4; lastKnownFileType = sourcecode.c.h; path = DBManagerBase.h; sourceTree = "<group>"; };
		A4FF4AB91E1650A8006A3B96 /* DBManagerBase.m */ = {isa = PBXFileReference; fileEncoding = 4; lastKnownFileType = sourcecode.c.objc; path = DBManagerBase.m; sourceTree = "<group>"; };
		A4FF4ABA1E1650A8006A3B96 /* DBQuestionInfo.h */ = {isa = PBXFileReference; fileEncoding = 4; lastKnownFileType = sourcecode.c.h; path = DBQuestionInfo.h; sourceTree = "<group>"; };
		A4FF4ABB1E1650A8006A3B96 /* DBQuestionInfo.m */ = {isa = PBXFileReference; fileEncoding = 4; lastKnownFileType = sourcecode.c.objc; path = DBQuestionInfo.m; sourceTree = "<group>"; };
		A4FF4ABC1E1650A8006A3B96 /* DBQuestionAnswer.h */ = {isa = PBXFileReference; fileEncoding = 4; lastKnownFileType = sourcecode.c.h; path = DBQuestionAnswer.h; sourceTree = "<group>"; };
		A4FF4ABD1E1650A8006A3B96 /* DBQuestionAnswer.m */ = {isa = PBXFileReference; fileEncoding = 4; lastKnownFileType = sourcecode.c.objc; path = DBQuestionAnswer.m; sourceTree = "<group>"; };
		A4FF4AC41E16511D006A3B96 /* FMDatabase.h */ = {isa = PBXFileReference; fileEncoding = 4; lastKnownFileType = sourcecode.c.h; path = FMDatabase.h; sourceTree = "<group>"; };
		A4FF4AC51E16511D006A3B96 /* FMDatabase.m */ = {isa = PBXFileReference; fileEncoding = 4; lastKnownFileType = sourcecode.c.objc; path = FMDatabase.m; sourceTree = "<group>"; };
		A4FF4AC61E16511D006A3B96 /* FMDatabaseAdditions.h */ = {isa = PBXFileReference; fileEncoding = 4; lastKnownFileType = sourcecode.c.h; path = FMDatabaseAdditions.h; sourceTree = "<group>"; };
		A4FF4AC71E16511D006A3B96 /* FMDatabaseAdditions.m */ = {isa = PBXFileReference; fileEncoding = 4; lastKnownFileType = sourcecode.c.objc; path = FMDatabaseAdditions.m; sourceTree = "<group>"; };
		A4FF4AC81E16511D006A3B96 /* FMDatabasePool.h */ = {isa = PBXFileReference; fileEncoding = 4; lastKnownFileType = sourcecode.c.h; path = FMDatabasePool.h; sourceTree = "<group>"; };
		A4FF4AC91E16511D006A3B96 /* FMDatabasePool.m */ = {isa = PBXFileReference; fileEncoding = 4; lastKnownFileType = sourcecode.c.objc; path = FMDatabasePool.m; sourceTree = "<group>"; };
		A4FF4ACA1E16511D006A3B96 /* FMDatabaseQueue.h */ = {isa = PBXFileReference; fileEncoding = 4; lastKnownFileType = sourcecode.c.h; path = FMDatabaseQueue.h; sourceTree = "<group>"; };
		A4FF4ACB1E16511D006A3B96 /* FMDatabaseQueue.m */ = {isa = PBXFileReference; fileEncoding = 4; lastKnownFileType = sourcecode.c.objc; path = FMDatabaseQueue.m; sourceTree = "<group>"; };
		A4FF4ACC1E16511D006A3B96 /* FMDB.h */ = {isa = PBXFileReference; fileEncoding = 4; lastKnownFileType = sourcecode.c.h; path = FMDB.h; sourceTree = "<group>"; };
		A4FF4ACD1E16511D006A3B96 /* FMResultSet.h */ = {isa = PBXFileReference; fileEncoding = 4; lastKnownFileType = sourcecode.c.h; path = FMResultSet.h; sourceTree = "<group>"; };
		A4FF4ACE1E16511D006A3B96 /* FMResultSet.m */ = {isa = PBXFileReference; fileEncoding = 4; lastKnownFileType = sourcecode.c.objc; path = FMResultSet.m; sourceTree = "<group>"; };
/* End PBXFileReference section */

/* Begin PBXFrameworksBuildPhase section */
		A495C7451E164E9000A4E2CD /* Frameworks */ = {
			isa = PBXFrameworksBuildPhase;
			buildActionMask = 2147483647;
			files = (
			);
			runOnlyForDeploymentPostprocessing = 0;
		};
/* End PBXFrameworksBuildPhase section */

/* Begin PBXGroup section */
		A495C73F1E164E9000A4E2CD = {
			isa = PBXGroup;
			children = (
				A495C74A1E164E9000A4E2CD /* DataBaseProject */,
				A495C7491E164E9000A4E2CD /* Products */,
			);
			sourceTree = "<group>";
		};
		A495C7491E164E9000A4E2CD /* Products */ = {
			isa = PBXGroup;
			children = (
				A495C7481E164E9000A4E2CD /* DataBaseProject.app */,
			);
			name = Products;
			sourceTree = "<group>";
		};
		A495C74A1E164E9000A4E2CD /* DataBaseProject */ = {
			isa = PBXGroup;
			children = (
				A495C74E1E164E9000A4E2CD /* AppDelegate.h */,
				A495C74F1E164E9000A4E2CD /* AppDelegate.m */,
				A495C7511E164E9000A4E2CD /* ViewController.h */,
				A495C7521E164E9000A4E2CD /* ViewController.m */,
				A4FF4AC21E1650B0006A3B96 /* DataBase */,
				A495C7541E164E9000A4E2CD /* Main.storyboard */,
				A495C7571E164E9000A4E2CD /* Assets.xcassets */,
				A495C7591E164E9000A4E2CD /* LaunchScreen.storyboard */,
				A495C75C1E164E9000A4E2CD /* Info.plist */,
				A495C74B1E164E9000A4E2CD /* Supporting Files */,
			);
			path = DataBaseProject;
			sourceTree = "<group>";
		};
		A495C74B1E164E9000A4E2CD /* Supporting Files */ = {
			isa = PBXGroup;
			children = (
				A488774F1E166C3600F807B8 /* NSObject+Empty.h */,
				A48877501E166C3600F807B8 /* NSObject+Empty.m */,
				A488774C1E166BFB00F807B8 /* NSString+Helper.h */,
				A488774D1E166BFB00F807B8 /* NSString+Helper.m */,
				A48877521E166D2A00F807B8 /* Demo-Prefix.pch */,
				A4FF4AC31E16511D006A3B96 /* FMDB */,
				A495C74C1E164E9000A4E2CD /* main.m */,
			);
			name = "Supporting Files";
			sourceTree = "<group>";
		};
		A4FF4AC21E1650B0006A3B96 /* DataBase */ = {
			isa = PBXGroup;
			children = (
				A4FF4AB61E1650A8006A3B96 /* IPSDatabaseManager.h */,
				A4FF4AB71E1650A8006A3B96 /* IPSDatabaseManager.m */,
				A4FF4AB81E1650A8006A3B96 /* DBManagerBase.h */,
				A4FF4AB91E1650A8006A3B96 /* DBManagerBase.m */,
				A4FF4ABA1E1650A8006A3B96 /* DBQuestionInfo.h */,
				A4FF4ABB1E1650A8006A3B96 /* DBQuestionInfo.m */,
				A4FF4ABC1E1650A8006A3B96 /* DBQuestionAnswer.h */,
				A4FF4ABD1E1650A8006A3B96 /* DBQuestionAnswer.m */,
			);
			name = DataBase;
			sourceTree = "<group>";
		};
		A4FF4AC31E16511D006A3B96 /* FMDB */ = {
			isa = PBXGroup;
			children = (
				A4FF4AC41E16511D006A3B96 /* FMDatabase.h */,
				A4FF4AC51E16511D006A3B96 /* FMDatabase.m */,
				A4FF4AC61E16511D006A3B96 /* FMDatabaseAdditions.h */,
				A4FF4AC71E16511D006A3B96 /* FMDatabaseAdditions.m */,
				A4FF4AC81E16511D006A3B96 /* FMDatabasePool.h */,
				A4FF4AC91E16511D006A3B96 /* FMDatabasePool.m */,
				A4FF4ACA1E16511D006A3B96 /* FMDatabaseQueue.h */,
				A4FF4ACB1E16511D006A3B96 /* FMDatabaseQueue.m */,
				A4FF4ACC1E16511D006A3B96 /* FMDB.h */,
				A4FF4ACD1E16511D006A3B96 /* FMResultSet.h */,
				A4FF4ACE1E16511D006A3B96 /* FMResultSet.m */,
			);
			path = FMDB;
			sourceTree = "<group>";
		};
/* End PBXGroup section */

/* Begin PBXNativeTarget section */
		A495C7471E164E9000A4E2CD /* DataBaseProject */ = {
			isa = PBXNativeTarget;
			buildConfigurationList = A495C75F1E164E9000A4E2CD /* Build configuration list for PBXNativeTarget "DataBaseProject" */;
			buildPhases = (
				A495C7441E164E9000A4E2CD /* Sources */,
				A495C7451E164E9000A4E2CD /* Frameworks */,
				A495C7461E164E9000A4E2CD /* Resources */,
			);
			buildRules = (
			);
			dependencies = (
			);
			name = DataBaseProject;
			productName = DataBaseProject;
			productReference = A495C7481E164E9000A4E2CD /* DataBaseProject.app */;
			productType = "com.apple.product-type.application";
		};
/* End PBXNativeTarget section */

/* Begin PBXProject section */
		A495C7401E164E9000A4E2CD /* Project object */ = {
			isa = PBXProject;
			attributes = {
				LastUpgradeCheck = 0730;
				ORGANIZATIONNAME = 100TALDT;
				TargetAttributes = {
					A495C7471E164E9000A4E2CD = {
						CreatedOnToolsVersion = 7.3.1;
					};
				};
			};
			buildConfigurationList = A495C7431E164E9000A4E2CD /* Build configuration list for PBXProject "DataBaseProject" */;
			compatibilityVersion = "Xcode 3.2";
			developmentRegion = English;
			hasScannedForEncodings = 0;
			knownRegions = (
				en,
				Base,
			);
			mainGroup = A495C73F1E164E9000A4E2CD;
			productRefGroup = A495C7491E164E9000A4E2CD /* Products */;
			projectDirPath = "";
			projectRoot = "";
			targets = (
				A495C7471E164E9000A4E2CD /* DataBaseProject */,
			);
		};
/* End PBXProject section */

/* Begin PBXResourcesBuildPhase section */
		A495C7461E164E9000A4E2CD /* Resources */ = {
			isa = PBXResourcesBuildPhase;
			buildActionMask = 2147483647;
			files = (
				A495C75B1E164E9000A4E2CD /* LaunchScreen.storyboard in Resources */,
				A495C7581E164E9000A4E2CD /* Assets.xcassets in Resources */,
				A495C7561E164E9000A4E2CD /* Main.storyboard in Resources */,
			);
			runOnlyForDeploymentPostprocessing = 0;
		};
/* End PBXResourcesBuildPhase section */

/* Begin PBXSourcesBuildPhase section */
		A495C7441E164E9000A4E2CD /* Sources */ = {
			isa = PBXSourcesBuildPhase;
			buildActionMask = 2147483647;
			files = (
				A495C7531E164E9000A4E2CD /* ViewController.m in Sources */,
				A495C7501E164E9000A4E2CD /* AppDelegate.m in Sources */,
				A495C74D1E164E9000A4E2CD /* main.m in Sources */,
				A4FF4AC01E1650A8006A3B96 /* DBQuestionInfo.m in Sources */,
				A4FF4ABE1E1650A8006A3B96 /* IPSDatabaseManager.m in Sources */,
				A4FF4AD01E16511D006A3B96 /* FMDatabaseAdditions.m in Sources */,
				A4FF4AD31E16511D006A3B96 /* FMResultSet.m in Sources */,
				A4FF4AC11E1650A8006A3B96 /* DBQuestionAnswer.m in Sources */,
				A4FF4AD11E16511D006A3B96 /* FMDatabasePool.m in Sources */,
				A4FF4AD21E16511D006A3B96 /* FMDatabaseQueue.m in Sources */,
				A4FF4ABF1E1650A8006A3B96 /* DBManagerBase.m in Sources */,
				A488774E1E166BFB00F807B8 /* NSString+Helper.m in Sources */,
				A4FF4ACF1E16511D006A3B96 /* FMDatabase.m in Sources */,
				A48877511E166C3600F807B8 /* NSObject+Empty.m in Sources */,
			);
			runOnlyForDeploymentPostprocessing = 0;
		};
/* End PBXSourcesBuildPhase section */

/* Begin PBXVariantGroup section */
		A495C7541E164E9000A4E2CD /* Main.storyboard */ = {
			isa = PBXVariantGroup;
			children = (
				A495C7551E164E9000A4E2CD /* Base */,
			);
			name = Main.storyboard;
			sourceTree = "<group>";
		};
		A495C7591E164E9000A4E2CD /* LaunchScreen.storyboard */ = {
			isa = PBXVariantGroup;
			children = (
				A495C75A1E164E9000A4E2CD /* Base */,
			);
			name = LaunchScreen.storyboard;
			sourceTree = "<group>";
		};
/* End PBXVariantGroup section */

/* Begin XCBuildConfiguration section */
		A495C75D1E164E9000A4E2CD /* Debug */ = {
			isa = XCBuildConfiguration;
			buildSettings = {
				ALWAYS_SEARCH_USER_PATHS = NO;
				CLANG_ANALYZER_NONNULL = YES;
				CLANG_CXX_LANGUAGE_STANDARD = "gnu++0x";
				CLANG_CXX_LIBRARY = "libc++";
				CLANG_ENABLE_MODULES = YES;
				CLANG_ENABLE_OBJC_ARC = YES;
				CLANG_WARN_BOOL_CONVERSION = YES;
				CLANG_WARN_CONSTANT_CONVERSION = YES;
				CLANG_WARN_DIRECT_OBJC_ISA_USAGE = YES_ERROR;
				CLANG_WARN_EMPTY_BODY = YES;
				CLANG_WARN_ENUM_CONVERSION = YES;
				CLANG_WARN_INT_CONVERSION = YES;
				CLANG_WARN_OBJC_ROOT_CLASS = YES_ERROR;
				CLANG_WARN_UNREACHABLE_CODE = YES;
				CLANG_WARN__DUPLICATE_METHOD_MATCH = YES;
				"CODE_SIGN_IDENTITY[sdk=iphoneos*]" = "iPhone Developer";
				COPY_PHASE_STRIP = NO;
				DEBUG_INFORMATION_FORMAT = dwarf;
				ENABLE_STRICT_OBJC_MSGSEND = YES;
				ENABLE_TESTABILITY = YES;
				GCC_C_LANGUAGE_STANDARD = gnu99;
				GCC_DYNAMIC_NO_PIC = NO;
				GCC_NO_COMMON_BLOCKS = YES;
				GCC_OPTIMIZATION_LEVEL = 0;
				GCC_PREPROCESSOR_DEFINITIONS = (
					"DEBUG=1",
					"$(inherited)",
				);
				GCC_WARN_64_TO_32_BIT_CONVERSION = YES;
				GCC_WARN_ABOUT_RETURN_TYPE = YES_ERROR;
				GCC_WARN_UNDECLARED_SELECTOR = YES;
				GCC_WARN_UNINITIALIZED_AUTOS = YES_AGGRESSIVE;
				GCC_WARN_UNUSED_FUNCTION = YES;
				GCC_WARN_UNUSED_VARIABLE = YES;
				IPHONEOS_DEPLOYMENT_TARGET = 9.3;
				MTL_ENABLE_DEBUG_INFO = YES;
				ONLY_ACTIVE_ARCH = YES;
				SDKROOT = iphoneos;
			};
			name = Debug;
		};
		A495C75E1E164E9000A4E2CD /* Release */ = {
			isa = XCBuildConfiguration;
			buildSettings = {
				ALWAYS_SEARCH_USER_PATHS = NO;
				CLANG_ANALYZER_NONNULL = YES;
				CLANG_CXX_LANGUAGE_STANDARD = "gnu++0x";
				CLANG_CXX_LIBRARY = "libc++";
				CLANG_ENABLE_MODULES = YES;
				CLANG_ENABLE_OBJC_ARC = YES;
				CLANG_WARN_BOOL_CONVERSION = YES;
				CLANG_WARN_CONSTANT_CONVERSION = YES;
				CLANG_WARN_DIRECT_OBJC_ISA_USAGE = YES_ERROR;
				CLANG_WARN_EMPTY_BODY = YES;
				CLANG_WARN_ENUM_CONVERSION = YES;
				CLANG_WARN_INT_CONVERSION = YES;
				CLANG_WARN_OBJC_ROOT_CLASS = YES_ERROR;
				CLANG_WARN_UNREACHABLE_CODE = YES;
				CLANG_WARN__DUPLICATE_METHOD_MATCH = YES;
				"CODE_SIGN_IDENTITY[sdk=iphoneos*]" = "iPhone Developer";
				COPY_PHASE_STRIP = NO;
				DEBUG_INFORMATION_FORMAT = "dwarf-with-dsym";
				ENABLE_NS_ASSERTIONS = NO;
				ENABLE_STRICT_OBJC_MSGSEND = YES;
				GCC_C_LANGUAGE_STANDARD = gnu99;
				GCC_NO_COMMON_BLOCKS = YES;
				GCC_WARN_64_TO_32_BIT_CONVERSION = YES;
				GCC_WARN_ABOUT_RETURN_TYPE = YES_ERROR;
				GCC_WARN_UNDECLARED_SELECTOR = YES;
				GCC_WARN_UNINITIALIZED_AUTOS = YES_AGGRESSIVE;
				GCC_WARN_UNUSED_FUNCTION = YES;
				GCC_WARN_UNUSED_VARIABLE = YES;
				IPHONEOS_DEPLOYMENT_TARGET = 9.3;
				MTL_ENABLE_DEBUG_INFO = NO;
				SDKROOT = iphoneos;
				VALIDATE_PRODUCT = YES;
			};
			name = Release;
		};
		A495C7601E164E9000A4E2CD /* Debug */ = {
			isa = XCBuildConfiguration;
			buildSettings = {
				ASSETCATALOG_COMPILER_APPICON_NAME = AppIcon;
				GCC_PRECOMPILE_PREFIX_HEADER = YES;
				GCC_PREFIX_HEADER = "DataBaseProject/Demo-Prefix.pch";
				INFOPLIST_FILE = DataBaseProject/Info.plist;
				IPHONEOS_DEPLOYMENT_TARGET = 8.0;
				LD_RUNPATH_SEARCH_PATHS = "$(inherited) @executable_path/Frameworks";
				PRODUCT_BUNDLE_IDENTIFIER = com.emuchDT.DataBaseProject;
				PRODUCT_NAME = "$(TARGET_NAME)";
			};
			name = Debug;
		};
		A495C7611E164E9000A4E2CD /* Release */ = {
			isa = XCBuildConfiguration;
			buildSettings = {
				ASSETCATALOG_COMPILER_APPICON_NAME = AppIcon;
				GCC_PRECOMPILE_PREFIX_HEADER = YES;
				GCC_PREFIX_HEADER = "DataBaseProject/Demo-Prefix.pch";
				INFOPLIST_FILE = DataBaseProject/Info.plist;
				IPHONEOS_DEPLOYMENT_TARGET = 8.0;
				LD_RUNPATH_SEARCH_PATHS = "$(inherited) @executable_path/Frameworks";
				PRODUCT_BUNDLE_IDENTIFIER = com.emuchDT.DataBaseProject;
				PRODUCT_NAME = "$(TARGET_NAME)";
			};
			name = Release;
		};
/* End XCBuildConfiguration section */

/* Begin XCConfigurationList section */
		A495C7431E164E9000A4E2CD /* Build configuration list for PBXProject "DataBaseProject" */ = {
			isa = XCConfigurationList;
			buildConfigurations = (
				A495C75D1E164E9000A4E2CD /* Debug */,
				A495C75E1E164E9000A4E2CD /* Release */,
			);
			defaultConfigurationIsVisible = 0;
			defaultConfigurationName = Release;
		};
		A495C75F1E164E9000A4E2CD /* Build configuration list for PBXNativeTarget "DataBaseProject" */ = {
			isa = XCConfigurationList;
			buildConfigurations = (
				A495C7601E164E9000A4E2CD /* Debug */,
				A495C7611E164E9000A4E2CD /* Release */,
			);
			defaultConfigurationIsVisible = 0;
			defaultConfigurationName = Release;
		};
/* End XCConfigurationList section */
	};
	rootObject = A495C7401E164E9000A4E2CD /* Project object */;
}
